
Microsoft Visual Studio Solution File, Format Version 12.00
# Visual Studio Version 17
VisualStudioVersion = 17.13.35825.156
MinimumVisualStudioVersion = 10.0.40219.1
Project("{FAE04EC0-301F-11D3-BF4B-00C04F79EFBC}") = "MensajeriaNegocio", "MensajeriaNegocio\MensajeriaNegocio.csproj", "{5782F721-F059-4DFB-BDFA-5CE5C35E4C71}"
EndProject
Project("{FAE04EC0-301F-11D3-BF4B-00C04F79EFBC}") = "APIMensajes", "APIMensajes\APIMensajes.csproj", "{89CA3D29-0B9B-4700-8CA9-54AD45994857}"
EndProject
Global
	GlobalSection(SolutionConfigurationPlatforms) = preSolution
		Debug|Any CPU = Debug|Any CPU
		Release|Any CPU = Release|Any CPU
	EndGlobalSection
	GlobalSection(ProjectConfigurationPlatforms) = postSolution
		{5782F721-F059-4DFB-BDFA-5CE5C35E4C71}.Debug|Any CPU.ActiveCfg = Debug|Any CPU
		{5782F721-F059-4DFB-BDFA-5CE5C35E4C71}.Debug|Any CPU.Build.0 = Debug|Any CPU
		{5782F721-F059-4DFB-BDFA-5CE5C35E4C71}.Release|Any CPU.ActiveCfg = Release|Any CPU
		{5782F721-F059-4DFB-BDFA-5CE5C35E4C71}.Release|Any CPU.Build.0 = Release|Any CPU
		{89CA3D29-0B9B-4700-8CA9-54AD45994857}.Debug|Any CPU.ActiveCfg = Debug|Any CPU
		{89CA3D29-0B9B-4700-8CA9-54AD45994857}.Debug|Any CPU.Build.0 = Debug|Any CPU
		{89CA3D29-0B9B-4700-8CA9-54AD45994857}.Release|Any CPU.ActiveCfg = Release|Any CPU
		{89CA3D29-0B9B-4700-8CA9-54AD45994857}.Release|Any CPU.Build.0 = Release|Any CPU
	EndGlobalSection
	GlobalSection(SolutionProperties) = preSolution
		HideSolutionNode = FALSE
	EndGlobalSection
	GlobalSection(ExtensibilityGlobals) = postSolution
		SolutionGuid = {F3ABE7F3-3D78-462B-AAE9-478D4761D5F1}
	EndGlobalSection
EndGlobal
