Microsoft Visual Studio Solution File, Format Version 12.00
# Visual Studio Version 17
VisualStudioVersion = 17.5.2.0
MinimumVisualStudioVersion = 10.0.40219.1
Project("{FAE04EC0-301F-11D3-BF4B-00C04F79EFBC}") = "Gestor_tareas", "Gestor_tareas.csproj", "{9B06D3C4-3F5B-80A1-888C-DA166A391BCD}"
EndProject
Global
	GlobalSection(SolutionConfigurationPlatforms) = preSolution
		Debug|Any CPU = Debug|Any CPU
		Release|Any CPU = Release|Any CPU
	EndGlobalSection
	GlobalSection(ProjectConfigurationPlatforms) = postSolution
		{9B06D3C4-3F5B-80A1-888C-DA166A391BCD}.Debug|Any CPU.ActiveCfg = Debug|Any CPU
		{9B06D3C4-3F5B-80A1-888C-DA166A391BCD}.Debug|Any CPU.Build.0 = Debug|Any CPU
		{9B06D3C4-3F5B-80A1-888C-DA166A391BCD}.Release|Any CPU.ActiveCfg = Release|Any CPU
		{9B06D3C4-3F5B-80A1-888C-DA166A391BCD}.Release|Any CPU.Build.0 = Release|Any CPU
	EndGlobalSection
	GlobalSection(SolutionProperties) = preSolution
		HideSolutionNode = FALSE
	EndGlobalSection
	GlobalSection(ExtensibilityGlobals) = postSolution
		SolutionGuid = {09C03A55-1D91-49DA-BE33-448AB5192C5D}
	EndGlobalSection
EndGlobal
